<?xml version="1.0" encoding="UTF-8" standalone="yes" ?>
<CodeBlocks_project_file>
	<FileVersion major="1" minor="6" />
	<Project>
		<Option title="Masteroppgave" />
		<Option makefile_is_custom="1" />
		<Option execution_dir="/home/fredrik/GNP-with-roborob3/roborobo3" />
		<Option pch_mode="2" />
		<Option compiler="gcc" />
		<Build>
			<Target title="Debug">
				<Option output="roborobo3/roborobo" prefix_auto="1" extension_auto="1" />
				<Option working_dir="./roborobo3" />
				<Option object_output="obj/Debug/" />
				<Option type="1" />
				<Option compiler="gcc" />
				<Option parameters="-l config/foraging_temp.properties" />
				<Compiler>
					<Add option="-g" />
				</Compiler>
				<MakeCommands>
					<Build command="$make -f $makefile -j4" />
					<CompileFile command="$make -f $makefile $file" />
					<Clean command="$make -f $makefile clean" />
					<DistClean command="$make -f $makefile distclean$target" />
					<AskRebuildNeeded command="$make -q -f $makefile" />
					<SilentBuild command="$make -f $makefile -j4 &gt; $(CMD_NULL)" />
				</MakeCommands>
			</Target>
		</Build>
		<Compiler>
			<Add option="-Wall" />
		</Compiler>
		<Unit filename="roborobo3/config/benchmark.properties" />
		<Unit filename="roborobo3/config/foraging_temp.properties" />
		<Unit filename="roborobo3/config/foragingregions-ESNEigen.properties" />
		<Unit filename="roborobo3/config/foragingregions.properties" />
		<Unit filename="roborobo3/config/movingobjects.properties" />
		<Unit filename="roborobo3/config/mytestproject.properties" />
		<Unit filename="roborobo3/config/template_boids.properties" />
		<Unit filename="roborobo3/config/template_medea.properties" />
		<Unit filename="roborobo3/config/template_randomwalk.properties" />
		<Unit filename="roborobo3/config/template_vanillaEE.properties" />
		<Unit filename="roborobo3/config/template_wander_bigrobots.properties" />
		<Unit filename="roborobo3/config/template_wander_smallrobots.properties" />
		<Unit filename="roborobo3/config/test.properties" />
		<Unit filename="roborobo3/config/testESNEigen_vanillaEE.properties" />
		<Unit filename="roborobo3/config/tutorial.properties" />
		<Unit filename="roborobo3/include/MultiNEAT/Assert.h" />
		<Unit filename="roborobo3/include/MultiNEAT/Genes.h" />
		<Unit filename="roborobo3/include/MultiNEAT/Genome.h" />
		<Unit filename="roborobo3/include/MultiNEAT/Innovation.h" />
		<Unit filename="roborobo3/include/MultiNEAT/NeuralNetwork.h" />
		<Unit filename="roborobo3/include/MultiNEAT/Parameters.h" />
		<Unit filename="roborobo3/include/MultiNEAT/PhenotypeBehavior.h" />
		<Unit filename="roborobo3/include/MultiNEAT/Population.h" />
		<Unit filename="roborobo3/include/MultiNEAT/PythonBindings.h" />
		<Unit filename="roborobo3/include/MultiNEAT/Random.h" />
		<Unit filename="roborobo3/include/MultiNEAT/Species.h" />
		<Unit filename="roborobo3/include/MultiNEAT/Substrate.h" />
		<Unit filename="roborobo3/include/MultiNEAT/Traits.h" />
		<Unit filename="roborobo3/include/MultiNEAT/Utils.h" />
		<Unit filename="roborobo3/include/contrib/neuralnetworks/ESNEigen.h" />
		<Unit filename="roborobo3/include/contrib/neuralnetworks/Elman.h" />
		<Unit filename="roborobo3/include/contrib/neuralnetworks/LayeredNeuralNetwork.h" />
		<Unit filename="roborobo3/include/contrib/neuralnetworks/MLP.h" />
		<Unit filename="roborobo3/include/contrib/neuralnetworks/NeuralNetwork.h" />
		<Unit filename="roborobo3/include/contrib/neuralnetworks/NeuralNetworkException.h" />
		<Unit filename="roborobo3/include/contrib/neuralnetworks/Perceptron.h" />
		<Unit filename="roborobo3/include/contrib/neuralnetworks/ReservoirNeuralNetwork.h" />
		<Unit filename="roborobo3/include/contrib/zsu/Properties.h" />
		<Unit filename="roborobo3/include/contrib/zsu/StringUtils.h" />
		<Unit filename="roborobo3/include/contrib/zsu/func.h" />
		<Unit filename="roborobo3/include/contrib/zsu/strip.h" />
		<Unit filename="roborobo3/include/core/Agents/Agent.h" />
		<Unit filename="roborobo3/include/core/Agents/InspectorAgent.h" />
		<Unit filename="roborobo3/include/core/Agents/Robot.h" />
		<Unit filename="roborobo3/include/core/Config/GlobalConfigurationLoader.h" />
		<Unit filename="roborobo3/include/core/Controllers/Controller.h" />
		<Unit filename="roborobo3/include/core/Observers/AgentObserver.h" />
		<Unit filename="roborobo3/include/core/Observers/Observer.h" />
		<Unit filename="roborobo3/include/core/Observers/WorldObserver.h" />
		<Unit filename="roborobo3/include/core/RoboroboMain/common.h" />
		<Unit filename="roborobo3/include/core/RoboroboMain/main2.h" />
		<Unit filename="roborobo3/include/core/RoboroboMain/roborobo.h" />
		<Unit filename="roborobo3/include/core/Utilities/ExtendedProperties.h" />
		<Unit filename="roborobo3/include/core/Utilities/Geometry.h" />
		<Unit filename="roborobo3/include/core/Utilities/Graphics.h" />
		<Unit filename="roborobo3/include/core/Utilities/LogManager.h" />
		<Unit filename="roborobo3/include/core/Utilities/Misc.h" />
		<Unit filename="roborobo3/include/core/Utilities/Packet.h" />
		<Unit filename="roborobo3/include/core/Utilities/SDLMain.h" />
		<Unit filename="roborobo3/include/core/Utilities/Sensorbelt.h" />
		<Unit filename="roborobo3/include/core/Utilities/Timer.h" />
		<Unit filename="roborobo3/include/core/World/CircleObject.h" />
		<Unit filename="roborobo3/include/core/World/PhysicalObject.h" />
		<Unit filename="roborobo3/include/core/World/SquareObject.h" />
		<Unit filename="roborobo3/include/core/World/World.h" />
		<Unit filename="roborobo3/include/core/WorldModels/RobotWorldModel.h" />
		<Unit filename="roborobo3/include/core/WorldModels/WorldModel.h" />
		<Unit filename="roborobo3/include/core/main.h" />
		<Unit filename="roborobo3/include/ext/Config/ConfigurationLoader.h" />
		<Unit filename="roborobo3/include/ext/Config/ForagingRegionsConfigurationLoader.h" />
		<Unit filename="roborobo3/include/ext/Config/ForagingTempConfigurationLoader.h" />
		<Unit filename="roborobo3/include/ext/Config/MyTestEEConfigurationLoader.h" />
		<Unit filename="roborobo3/include/ext/Config/MyTestProjectConfigurationLoader.h" />
		<Unit filename="roborobo3/include/ext/Config/TemplateBoidsConfigurationLoader.h" />
		<Unit filename="roborobo3/include/ext/Config/TemplateEEConfigurationLoader.h" />
		<Unit filename="roborobo3/include/ext/Config/TemplateMedeaConfigurationLoader.h" />
		<Unit filename="roborobo3/include/ext/Config/TemplateRandomwalkConfigurationLoader.h" />
		<Unit filename="roborobo3/include/ext/Config/TemplateVanillaEEConfigurationLoader.h" />
		<Unit filename="roborobo3/include/ext/Config/TemplateWanderConfigurationLoader.h" />
		<Unit filename="roborobo3/include/ext/Config/TutorialConfigurationLoader.h" />
		<Unit filename="roborobo3/include/ext/World/EnergyItem.h" />
		<Unit filename="roborobo3/include/ext/World/GateObject.h" />
		<Unit filename="roborobo3/include/ext/World/LandmarkObject.h" />
		<Unit filename="roborobo3/include/ext/World/MovableObject.h" />
		<Unit filename="roborobo3/include/ext/World/PhysicalObjectFactory.h" />
		<Unit filename="roborobo3/include/ext/World/RoundObject.h" />
		<Unit filename="roborobo3/include/ext/World/SwitchObject.h" />
		<Unit filename="roborobo3/include/masterthesis/DataForwarder.h" />
		<Unit filename="roborobo3/include/masterthesis/DataListener.h" />
		<Unit filename="roborobo3/include/masterthesis/MscMain.h" />
		<Unit filename="roborobo3/include/masterthesis/common.h" />
		<Unit filename="roborobo3/include/masterthesis/controllers/ControllerEvolver.h" />
		<Unit filename="roborobo3/include/masterthesis/controllers/GNPController.h" />
		<Unit filename="roborobo3/include/masterthesis/controllers/MPFAController.h" />
		<Unit filename="roborobo3/include/masterthesis/controllers/MPFAEvolver.h" />
		<Unit filename="roborobo3/include/masterthesis/controllers/MultiNEATController.h" />
		<Unit filename="roborobo3/include/masterthesis/controllers/MultiNEATEvolver.h" />
		<Unit filename="roborobo3/prj/ForagingRegions/include/ForagingRegionsAgentObserver.h" />
		<Unit filename="roborobo3/prj/ForagingRegions/include/ForagingRegionsController.h" />
		<Unit filename="roborobo3/prj/ForagingRegions/include/ForagingRegionsEnergyItem.h" />
		<Unit filename="roborobo3/prj/ForagingRegions/include/ForagingRegionsPacket.h" />
		<Unit filename="roborobo3/prj/ForagingRegions/include/ForagingRegionsSharedData.h" />
		<Unit filename="roborobo3/prj/ForagingRegions/include/ForagingRegionsWorldObserver.h" />
		<Unit filename="roborobo3/prj/ForagingRegions/src/ForagingRegionsAgentObserver.cpp" />
		<Unit filename="roborobo3/prj/ForagingRegions/src/ForagingRegionsController.cpp" />
		<Unit filename="roborobo3/prj/ForagingRegions/src/ForagingRegionsEnergyItem.cpp" />
		<Unit filename="roborobo3/prj/ForagingRegions/src/ForagingRegionsSharedData.cpp" />
		<Unit filename="roborobo3/prj/ForagingRegions/src/ForagingRegionsWorldObserver.cpp" />
		<Unit filename="roborobo3/prj/ForagingTemp/include/Behavior.h" />
		<Unit filename="roborobo3/prj/ForagingTemp/include/ForagingTempAgentObserver.h" />
		<Unit filename="roborobo3/prj/ForagingTemp/include/ForagingTempController.h" />
		<Unit filename="roborobo3/prj/ForagingTemp/include/ForagingTempSharedData.h" />
		<Unit filename="roborobo3/prj/ForagingTemp/include/ForagingTempWorldObserver.h" />
		<Unit filename="roborobo3/prj/ForagingTemp/include/SampledAverageState.h" />
		<Unit filename="roborobo3/prj/ForagingTemp/src/Behavior.cpp" />
		<Unit filename="roborobo3/prj/ForagingTemp/src/ForagingTempAgentObserver.cpp" />
		<Unit filename="roborobo3/prj/ForagingTemp/src/ForagingTempController.cpp" />
		<Unit filename="roborobo3/prj/ForagingTemp/src/ForagingTempSharedData.cpp" />
		<Unit filename="roborobo3/prj/ForagingTemp/src/ForagingTempWorldObserver.cpp" />
		<Unit filename="roborobo3/prj/ForagingTemp/src/SampledAverageState.cpp" />
		<Unit filename="roborobo3/prj/MyTestEE/include/ForagingObject.h" />
		<Unit filename="roborobo3/prj/MyTestEE/include/MyTestEEAgentObserver.h" />
		<Unit filename="roborobo3/prj/MyTestEE/include/MyTestEEController.h" />
		<Unit filename="roborobo3/prj/MyTestEE/include/MyTestEESharedData.h" />
		<Unit filename="roborobo3/prj/MyTestEE/include/MyTestEEWorldObserver.h" />
		<Unit filename="roborobo3/prj/MyTestEE/include/NestObject.h" />
		<Unit filename="roborobo3/prj/MyTestEE/include/ObjectFactory.h" />
		<Unit filename="roborobo3/prj/MyTestEE/include/PheromoneObject.h" />
		<Unit filename="roborobo3/prj/MyTestEE/include/PheromoneObjectFactory.h" />
		<Unit filename="roborobo3/prj/MyTestEE/src/ForagingObject.cpp" />
		<Unit filename="roborobo3/prj/MyTestEE/src/MyTestEEAgentObserver.cpp" />
		<Unit filename="roborobo3/prj/MyTestEE/src/MyTestEEController.cpp" />
		<Unit filename="roborobo3/prj/MyTestEE/src/MyTestEESharedData.cpp" />
		<Unit filename="roborobo3/prj/MyTestEE/src/MyTestEEWorldObserver.cpp" />
		<Unit filename="roborobo3/prj/MyTestEE/src/NestObject.cpp" />
		<Unit filename="roborobo3/prj/MyTestEE/src/ObjectFactory.cpp" />
		<Unit filename="roborobo3/prj/MyTestEE/src/PheromoneObject.cpp" />
		<Unit filename="roborobo3/prj/MyTestProject/include/MyTestProjectAgentObserver.h" />
		<Unit filename="roborobo3/prj/MyTestProject/include/MyTestProjectController.h" />
		<Unit filename="roborobo3/prj/MyTestProject/include/MyTestProjectWorldObserver.h" />
		<Unit filename="roborobo3/prj/MyTestProject/src/MyTestProjectAgentObserver.cpp" />
		<Unit filename="roborobo3/prj/MyTestProject/src/MyTestProjectController.cpp" />
		<Unit filename="roborobo3/prj/MyTestProject/src/MyTestProjectWorldObserver.cpp" />
		<Unit filename="roborobo3/prj/TemplateBoids/include/TemplateBoidsAgentObserver.h" />
		<Unit filename="roborobo3/prj/TemplateBoids/include/TemplateBoidsController.h" />
		<Unit filename="roborobo3/prj/TemplateBoids/include/TemplateBoidsSharedData.h" />
		<Unit filename="roborobo3/prj/TemplateBoids/include/TemplateBoidsWorldObserver.h" />
		<Unit filename="roborobo3/prj/TemplateBoids/src/TemplateBoidsAgentObserver.cpp" />
		<Unit filename="roborobo3/prj/TemplateBoids/src/TemplateBoidsController.cpp" />
		<Unit filename="roborobo3/prj/TemplateBoids/src/TemplateBoidsSharedData.cpp" />
		<Unit filename="roborobo3/prj/TemplateBoids/src/TemplateBoidsWorldObserver.cpp" />
		<Unit filename="roborobo3/prj/TemplateEE/include/TemplateEEAgentObserver.h" />
		<Unit filename="roborobo3/prj/TemplateEE/include/TemplateEEController.h" />
		<Unit filename="roborobo3/prj/TemplateEE/include/TemplateEESharedData.h" />
		<Unit filename="roborobo3/prj/TemplateEE/include/TemplateEEWorldObserver.h" />
		<Unit filename="roborobo3/prj/TemplateEE/src/TemplateEEAgentObserver.cpp" />
		<Unit filename="roborobo3/prj/TemplateEE/src/TemplateEEController.cpp" />
		<Unit filename="roborobo3/prj/TemplateEE/src/TemplateEESharedData.cpp" />
		<Unit filename="roborobo3/prj/TemplateEE/src/TemplateEEWorldObserver.cpp" />
		<Unit filename="roborobo3/prj/TemplateMedea/include/TemplateMedeaAgentObserver.h" />
		<Unit filename="roborobo3/prj/TemplateMedea/include/TemplateMedeaController.h" />
		<Unit filename="roborobo3/prj/TemplateMedea/include/TemplateMedeaSharedData.h" />
		<Unit filename="roborobo3/prj/TemplateMedea/include/TemplateMedeaWorldObserver.h" />
		<Unit filename="roborobo3/prj/TemplateMedea/src/TemplateMedeaAgentObserver.cpp" />
		<Unit filename="roborobo3/prj/TemplateMedea/src/TemplateMedeaController.cpp" />
		<Unit filename="roborobo3/prj/TemplateMedea/src/TemplateMedeaSharedData.cpp" />
		<Unit filename="roborobo3/prj/TemplateMedea/src/TemplateMedeaWorldObserver.cpp" />
		<Unit filename="roborobo3/prj/TemplateRandomwalk/include/TemplateRandomwalkAgentObserver.h" />
		<Unit filename="roborobo3/prj/TemplateRandomwalk/include/TemplateRandomwalkController.h" />
		<Unit filename="roborobo3/prj/TemplateRandomwalk/include/TemplateRandomwalkWorldObserver.h" />
		<Unit filename="roborobo3/prj/TemplateRandomwalk/src/TemplateRandomwalkAgentObserver.cpp" />
		<Unit filename="roborobo3/prj/TemplateRandomwalk/src/TemplateRandomwalkController.cpp" />
		<Unit filename="roborobo3/prj/TemplateRandomwalk/src/TemplateRandomwalkWorldObserver.cpp" />
		<Unit filename="roborobo3/prj/TemplateVanillaEE/include/TemplateVanillaEEAgentObserver.h" />
		<Unit filename="roborobo3/prj/TemplateVanillaEE/include/TemplateVanillaEEController.h" />
		<Unit filename="roborobo3/prj/TemplateVanillaEE/include/TemplateVanillaEESharedData.h" />
		<Unit filename="roborobo3/prj/TemplateVanillaEE/include/TemplateVanillaEEWorldObserver.h" />
		<Unit filename="roborobo3/prj/TemplateVanillaEE/src/TemplateVanillaEEAgentObserver.cpp" />
		<Unit filename="roborobo3/prj/TemplateVanillaEE/src/TemplateVanillaEEController.cpp" />
		<Unit filename="roborobo3/prj/TemplateVanillaEE/src/TemplateVanillaEESharedData.cpp" />
		<Unit filename="roborobo3/prj/TemplateVanillaEE/src/TemplateVanillaEEWorldObserver.cpp" />
		<Unit filename="roborobo3/prj/TemplateWander/include/TemplateWanderAgentObserver.h" />
		<Unit filename="roborobo3/prj/TemplateWander/include/TemplateWanderController.h" />
		<Unit filename="roborobo3/prj/TemplateWander/include/TemplateWanderWorldObserver.h" />
		<Unit filename="roborobo3/prj/TemplateWander/src/TemplateWanderAgentObserver.cpp" />
		<Unit filename="roborobo3/prj/TemplateWander/src/TemplateWanderController.cpp" />
		<Unit filename="roborobo3/prj/TemplateWander/src/TemplateWanderWorldObserver.cpp" />
		<Unit filename="roborobo3/prj/Tutorial/include/TutorialAgentObserver.h" />
		<Unit filename="roborobo3/prj/Tutorial/include/TutorialController.h" />
		<Unit filename="roborobo3/prj/Tutorial/include/TutorialWorldObserver.h" />
		<Unit filename="roborobo3/prj/Tutorial/src/TutorialAgentObserver.cpp" />
		<Unit filename="roborobo3/prj/Tutorial/src/TutorialController.cpp" />
		<Unit filename="roborobo3/prj/Tutorial/src/TutorialWorldObserver.cpp" />
		<Unit filename="roborobo3/src/MultiNEAT/Genome.cpp" />
		<Unit filename="roborobo3/src/MultiNEAT/Innovation.cpp" />
		<Unit filename="roborobo3/src/MultiNEAT/Main.cpp" />
		<Unit filename="roborobo3/src/MultiNEAT/NeuralNetwork.cpp" />
		<Unit filename="roborobo3/src/MultiNEAT/Parameters.cpp" />
		<Unit filename="roborobo3/src/MultiNEAT/PhenotypeBehavior.cpp" />
		<Unit filename="roborobo3/src/MultiNEAT/Population.cpp" />
		<Unit filename="roborobo3/src/MultiNEAT/PythonBindings.cpp" />
		<Unit filename="roborobo3/src/MultiNEAT/Random.cpp" />
		<Unit filename="roborobo3/src/MultiNEAT/Species.cpp" />
		<Unit filename="roborobo3/src/MultiNEAT/Substrate.cpp" />
		<Unit filename="roborobo3/src/MultiNEAT/Traits.cpp" />
		<Unit filename="roborobo3/src/MultiNEAT/Utils.cpp" />
		<Unit filename="roborobo3/src/contrib/neuralnetworks/ESNEigen.cpp" />
		<Unit filename="roborobo3/src/contrib/neuralnetworks/Elman.cpp" />
		<Unit filename="roborobo3/src/contrib/neuralnetworks/LayeredNeuralNetwork.cpp" />
		<Unit filename="roborobo3/src/contrib/neuralnetworks/MLP.cpp" />
		<Unit filename="roborobo3/src/contrib/neuralnetworks/NeuralNetwork.cpp" />
		<Unit filename="roborobo3/src/contrib/neuralnetworks/NeuralNetworkException.cpp" />
		<Unit filename="roborobo3/src/contrib/neuralnetworks/Perceptron.cpp" />
		<Unit filename="roborobo3/src/contrib/neuralnetworks/ReservoirNeuralNetwork.cpp" />
		<Unit filename="roborobo3/src/contrib/zsu/Properties.cpp" />
		<Unit filename="roborobo3/src/contrib/zsu/StringUtils.cpp" />
		<Unit filename="roborobo3/src/core/Agent.cpp" />
		<Unit filename="roborobo3/src/core/AgentObserver.cpp" />
		<Unit filename="roborobo3/src/core/CircleObject.cpp" />
		<Unit filename="roborobo3/src/core/Controller.cpp" />
		<Unit filename="roborobo3/src/core/ExtendedProperties.cpp" />
		<Unit filename="roborobo3/src/core/Geometry.cpp" />
		<Unit filename="roborobo3/src/core/Graphics.cpp" />
		<Unit filename="roborobo3/src/core/InspectorAgent.cpp" />
		<Unit filename="roborobo3/src/core/LogManager.cpp" />
		<Unit filename="roborobo3/src/core/Misc.cpp" />
		<Unit filename="roborobo3/src/core/Observer.cpp" />
		<Unit filename="roborobo3/src/core/PhysicalObject.cpp" />
		<Unit filename="roborobo3/src/core/Robot.cpp" />
		<Unit filename="roborobo3/src/core/RobotWorldModel.cpp" />
		<Unit filename="roborobo3/src/core/SquareObject.cpp" />
		<Unit filename="roborobo3/src/core/Timer.cpp" />
		<Unit filename="roborobo3/src/core/World.cpp" />
		<Unit filename="roborobo3/src/core/WorldModel.cpp" />
		<Unit filename="roborobo3/src/core/WorldObserver.cpp" />
		<Unit filename="roborobo3/src/core/main.cpp" />
		<Unit filename="roborobo3/src/core/main2.cpp" />
		<Unit filename="roborobo3/src/core/roborobo.cpp" />
		<Unit filename="roborobo3/src/ext/ConfigurationLoader.cpp" />
		<Unit filename="roborobo3/src/ext/EnergyItem.cpp" />
		<Unit filename="roborobo3/src/ext/ForagingRegionsConfigurationLoader.cpp" />
		<Unit filename="roborobo3/src/ext/ForagingTempConfigurationLoader.cpp" />
		<Unit filename="roborobo3/src/ext/GateObject.cpp" />
		<Unit filename="roborobo3/src/ext/LandmarkObject.cpp" />
		<Unit filename="roborobo3/src/ext/MovableObject.cpp" />
		<Unit filename="roborobo3/src/ext/MyTestEEConfigurationLoader.cpp" />
		<Unit filename="roborobo3/src/ext/MyTestProjectConfigurationLoader.cpp" />
		<Unit filename="roborobo3/src/ext/PhysicalObjectFactory.cpp" />
		<Unit filename="roborobo3/src/ext/RoundObject.cpp" />
		<Unit filename="roborobo3/src/ext/SwitchObject.cpp" />
		<Unit filename="roborobo3/src/ext/TemplateBoidsConfigurationLoader.cpp" />
		<Unit filename="roborobo3/src/ext/TemplateEEConfigurationLoader.cpp" />
		<Unit filename="roborobo3/src/ext/TemplateMedeaConfigurationLoader.cpp" />
		<Unit filename="roborobo3/src/ext/TemplateRandomwalkConfigurationLoader.cpp" />
		<Unit filename="roborobo3/src/ext/TemplateVanillaEEConfigurationLoader.cpp" />
		<Unit filename="roborobo3/src/ext/TemplateWanderConfigurationLoader.cpp" />
		<Unit filename="roborobo3/src/ext/TutorialConfigurationLoader.cpp" />
		<Unit filename="roborobo3/src/masterthesis/DataForwarder.cpp" />
		<Unit filename="roborobo3/src/masterthesis/MscMain.cpp" />
		<Unit filename="roborobo3/src/masterthesis/controllers/GNPController.cpp" />
		<Unit filename="roborobo3/src/masterthesis/controllers/MPFAController.cpp" />
		<Unit filename="roborobo3/src/masterthesis/controllers/MPFAEvolver.cpp" />
		<Unit filename="roborobo3/src/masterthesis/controllers/MultiNEATController.cpp" />
		<Unit filename="roborobo3/src/masterthesis/controllers/MultiNEATEvolver.cpp" />
		<Unit filename="roborobo3/tools/misc/gaussianBenchmarks.cpp" />
		<Unit filename="roborobo3/tools/misc/random.cpp" />
		<Unit filename="roborobo3/tools/misc/randomBenchmarks.cpp" />
		<Unit filename="roborobo3/tools/misc/virtualmethods.cpp" />
		<Extensions>
			<lib_finder disable_auto="1" />
		</Extensions>
	</Project>
</CodeBlocks_project_file>
